Microsoft Visual Studio Solution File, Format Version 12.00
# Visual Studio Version 17
VisualStudioVersion = 17.5.2.0
MinimumVisualStudioVersion = 10.0.40219.1
Project("{FAE04EC0-301F-11D3-BF4B-00C04F79EFBC}") = "ManageApp", "ManageApp.csproj", "{58C05EA4-F46B-FFD8-C12E-1F61CABE6676}"
EndProject
Global
	GlobalSection(SolutionConfigurationPlatforms) = preSolution
		Debug|Any CPU = Debug|Any CPU
		Release|Any CPU = Release|Any CPU
	EndGlobalSection
	GlobalSection(ProjectConfigurationPlatforms) = postSolution
		{58C05EA4-F46B-FFD8-C12E-1F61CABE6676}.Debug|Any CPU.ActiveCfg = Debug|Any CPU
		{58C05EA4-F46B-FFD8-C12E-1F61CABE6676}.Debug|Any CPU.Build.0 = Debug|Any CPU
		{58C05EA4-F46B-FFD8-C12E-1F61CABE6676}.Release|Any CPU.ActiveCfg = Release|Any CPU
		{58C05EA4-F46B-FFD8-C12E-1F61CABE6676}.Release|Any CPU.Build.0 = Release|Any CPU
	EndGlobalSection
	GlobalSection(SolutionProperties) = preSolution
		HideSolutionNode = FALSE
	EndGlobalSection
	GlobalSection(ExtensibilityGlobals) = postSolution
		SolutionGuid = {065C541B-9D3C-4609-B724-E3A5F6FF93E3}
	EndGlobalSection
EndGlobal
